
Microsoft Visual Studio Solution File, Format Version 12.00
# Visual Studio Version 17
VisualStudioVersion = 17.5.33424.131
MinimumVisualStudioVersion = 10.0.40219.1
Project("{8BC9CEB8-8B4A-11D0-8D11-00A0C91BC942}") = "STATICMEMBER_109", "STATICMEMBER_109\STATICMEMBER_109.vcxproj", "{C35152CD-7E99-44DF-901D-EAE20D952020}"
EndProject
Project("{8BC9CEB8-8B4A-11D0-8D11-00A0C91BC942}") = "chainfunction", "chainfunction\chainfunction.vcxproj", "{51226510-306B-48AA-A7A0-DBE04F2A2427}"
EndProject
Project("{8BC9CEB8-8B4A-11D0-8D11-00A0C91BC942}") = "destruktor", "destruktor\destruktor.vcxproj", "{F6C5F003-0C40-47B4-8588-DAF2D3E298C3}"
EndProject
Project("{8BC9CEB8-8B4A-11D0-8D11-00A0C91BC942}") = "konstruktor", "konstruktor\konstruktor.vcxproj", "{5DB9AA29-5459-4D88-9951-8367ED164D12}"
EndProject
Global
	GlobalSection(SolutionConfigurationPlatforms) = preSolution
		Debug|x64 = Debug|x64
		Debug|x86 = Debug|x86
		Release|x64 = Release|x64
		Release|x86 = Release|x86
	EndGlobalSection
	GlobalSection(ProjectConfigurationPlatforms) = postSolution
		{C35152CD-7E99-44DF-901D-EAE20D952020}.Debug|x64.ActiveCfg = Debug|x64
		{C35152CD-7E99-44DF-901D-EAE20D952020}.Debug|x64.Build.0 = Debug|x64
		{C35152CD-7E99-44DF-901D-EAE20D952020}.Debug|x86.ActiveCfg = Debug|Win32
		{C35152CD-7E99-44DF-901D-EAE20D952020}.Debug|x86.Build.0 = Debug|Win32
		{C35152CD-7E99-44DF-901D-EAE20D952020}.Release|x64.ActiveCfg = Release|x64
		{C35152CD-7E99-44DF-901D-EAE20D952020}.Release|x64.Build.0 = Release|x64
		{C35152CD-7E99-44DF-901D-EAE20D952020}.Release|x86.ActiveCfg = Release|Win32
		{C35152CD-7E99-44DF-901D-EAE20D952020}.Release|x86.Build.0 = Release|Win32
		{51226510-306B-48AA-A7A0-DBE04F2A2427}.Debug|x64.ActiveCfg = Debug|x64
		{51226510-306B-48AA-A7A0-DBE04F2A2427}.Debug|x64.Build.0 = Debug|x64
		{51226510-306B-48AA-A7A0-DBE04F2A2427}.Debug|x86.ActiveCfg = Debug|Win32
		{51226510-306B-48AA-A7A0-DBE04F2A2427}.Debug|x86.Build.0 = Debug|Win32
		{51226510-306B-48AA-A7A0-DBE04F2A2427}.Release|x64.ActiveCfg = Release|x64
		{51226510-306B-48AA-A7A0-DBE04F2A2427}.Release|x64.Build.0 = Release|x64
		{51226510-306B-48AA-A7A0-DBE04F2A2427}.Release|x86.ActiveCfg = Release|Win32
		{51226510-306B-48AA-A7A0-DBE04F2A2427}.Release|x86.Build.0 = Release|Win32
		{F6C5F003-0C40-47B4-8588-DAF2D3E298C3}.Debug|x64.ActiveCfg = Debug|x64
		{F6C5F003-0C40-47B4-8588-DAF2D3E298C3}.Debug|x64.Build.0 = Debug|x64
		{F6C5F003-0C40-47B4-8588-DAF2D3E298C3}.Debug|x86.ActiveCfg = Debug|Win32
		{F6C5F003-0C40-47B4-8588-DAF2D3E298C3}.Debug|x86.Build.0 = Debug|Win32
		{F6C5F003-0C40-47B4-8588-DAF2D3E298C3}.Release|x64.ActiveCfg = Release|x64
		{F6C5F003-0C40-47B4-8588-DAF2D3E298C3}.Release|x64.Build.0 = Release|x64
		{F6C5F003-0C40-47B4-8588-DAF2D3E298C3}.Release|x86.ActiveCfg = Release|Win32
		{F6C5F003-0C40-47B4-8588-DAF2D3E298C3}.Release|x86.Build.0 = Release|Win32
		{5DB9AA29-5459-4D88-9951-8367ED164D12}.Debug|x64.ActiveCfg = Debug|x64
		{5DB9AA29-5459-4D88-9951-8367ED164D12}.Debug|x64.Build.0 = Debug|x64
		{5DB9AA29-5459-4D88-9951-8367ED164D12}.Debug|x86.ActiveCfg = Debug|Win32
		{5DB9AA29-5459-4D88-9951-8367ED164D12}.Debug|x86.Build.0 = Debug|Win32
		{5DB9AA29-5459-4D88-9951-8367ED164D12}.Release|x64.ActiveCfg = Release|x64
		{5DB9AA29-5459-4D88-9951-8367ED164D12}.Release|x64.Build.0 = Release|x64
		{5DB9AA29-5459-4D88-9951-8367ED164D12}.Release|x86.ActiveCfg = Release|Win32
		{5DB9AA29-5459-4D88-9951-8367ED164D12}.Release|x86.Build.0 = Release|Win32
	EndGlobalSection
	GlobalSection(SolutionProperties) = preSolution
		HideSolutionNode = FALSE
	EndGlobalSection
	GlobalSection(ExtensibilityGlobals) = postSolution
		SolutionGuid = {F33F3D3B-0A14-41AE-832A-6668EB6FADC5}
	EndGlobalSection
EndGlobal
